// !$*UTF8*$!
{
	archiveVersion = 1;
	classes = {
	};
	objectVersion = 56;
	objects = {

/* Begin PBXBuildFile section */
		7E62C8892B61667500AF3B0F /* CalculatorCloneApp.swift in Sources */ = {isa = PBXBuildFile; fileRef = 7E62C8882B61667500AF3B0F /* CalculatorCloneApp.swift */; };
		7E62C88B2B61667500AF3B0F /* ContentView.swift in Sources */ = {isa = PBXBuildFile; fileRef = 7E62C88A2B61667500AF3B0F /* ContentView.swift */; };
		7E62C88D2B61667600AF3B0F /* Assets.xcassets in Resources */ = {isa = PBXBuildFile; fileRef = 7E62C88C2B61667600AF3B0F /* Assets.xcassets */; };
		7E62C8902B61667600AF3B0F /* Preview Assets.xcassets in Resources */ = {isa = PBXBuildFile; fileRef = 7E62C88F2B61667600AF3B0F /* Preview Assets.xcassets */; };
		7E62C89A2B61667600AF3B0F /* CalculatorCloneTests.swift in Sources */ = {isa = PBXBuildFile; fileRef = 7E62C8992B61667600AF3B0F /* CalculatorCloneTests.swift */; };
		7E62C8A42B61667600AF3B0F /* CalculatorCloneUITests.swift in Sources */ = {isa = PBXBuildFile; fileRef = 7E62C8A32B61667600AF3B0F /* CalculatorCloneUITests.swift */; };
		7E62C8A62B61667600AF3B0F /* CalculatorCloneUITestsLaunchTests.swift in Sources */ = {isa = PBXBuildFile; fileRef = 7E62C8A52B61667600AF3B0F /* CalculatorCloneUITestsLaunchTests.swift */; };
		7E62C8B32B6170FF00AF3B0F /* Colors.xcassets in Resources */ = {isa = PBXBuildFile; fileRef = 7E62C8B22B6170FF00AF3B0F /* Colors.xcassets */; };
/* End PBXBuildFile section */

/* Begin PBXContainerItemProxy section */
		7E62C8962B61667600AF3B0F /* PBXContainerItemProxy */ = {
			isa = PBXContainerItemProxy;
			containerPortal = 7E62C87D2B61667500AF3B0F /* Project object */;
			proxyType = 1;
			remoteGlobalIDString = 7E62C8842B61667500AF3B0F;
			remoteInfo = CalculatorClone;
		};
		7E62C8A02B61667600AF3B0F /* PBXContainerItemProxy */ = {
			isa = PBXContainerItemProxy;
			containerPortal = 7E62C87D2B61667500AF3B0F /* Project object */;
			proxyType = 1;
			remoteGlobalIDString = 7E62C8842B61667500AF3B0F;
			remoteInfo = CalculatorClone;
		};
/* End PBXContainerItemProxy section */

/* Begin PBXFileReference section */
		7E62C8852B61667500AF3B0F /* CalculatorClone.app */ = {isa = PBXFileReference; explicitFileType = wrapper.application; includeInIndex = 0; path = CalculatorClone.app; sourceTree = BUILT_PRODUCTS_DIR; };
		7E62C8882B61667500AF3B0F /* CalculatorCloneApp.swift */ = {isa = PBXFileReference; lastKnownFileType = sourcecode.swift; path = CalculatorCloneApp.swift; sourceTree = "<group>"; };
		7E62C88A2B61667500AF3B0F /* ContentView.swift */ = {isa = PBXFileReference; lastKnownFileType = sourcecode.swift; path = ContentView.swift; sourceTree = "<group>"; };
		7E62C88C2B61667600AF3B0F /* Assets.xcassets */ = {isa = PBXFileReference; lastKnownFileType = folder.assetcatalog; path = Assets.xcassets; sourceTree = "<group>"; };
		7E62C88F2B61667600AF3B0F /* Preview Assets.xcassets */ = {isa = PBXFileReference; lastKnownFileType = folder.assetcatalog; path = "Preview Assets.xcassets"; sourceTree = "<group>"; };
		7E62C8952B61667600AF3B0F /* CalculatorCloneTests.xctest */ = {isa = PBXFileReference; explicitFileType = wrapper.cfbundle; includeInIndex = 0; path = CalculatorCloneTests.xctest; sourceTree = BUILT_PRODUCTS_DIR; };
		7E62C8992B61667600AF3B0F /* CalculatorCloneTests.swift */ = {isa = PBXFileReference; lastKnownFileType = sourcecode.swift; path = CalculatorCloneTests.swift; sourceTree = "<group>"; };
		7E62C89F2B61667600AF3B0F /* CalculatorCloneUITests.xctest */ = {isa = PBXFileReference; explicitFileType = wrapper.cfbundle; includeInIndex = 0; path = CalculatorCloneUITests.xctest; sourceTree = BUILT_PRODUCTS_DIR; };
		7E62C8A32B61667600AF3B0F /* CalculatorCloneUITests.swift */ = {isa = PBXFileReference; lastKnownFileType = sourcecode.swift; path = CalculatorCloneUITests.swift; sourceTree = "<group>"; };
		7E62C8A52B61667600AF3B0F /* CalculatorCloneUITestsLaunchTests.swift */ = {isa = PBXFileReference; lastKnownFileType = sourcecode.swift; path = CalculatorCloneUITestsLaunchTests.swift; sourceTree = "<group>"; };
		7E62C8B22B6170FF00AF3B0F /* Colors.xcassets */ = {isa = PBXFileReference; lastKnownFileType = folder.assetcatalog; path = Colors.xcassets; sourceTree = "<group>"; };
/* End PBXFileReference section */

/* Begin PBXFrameworksBuildPhase section */
		7E62C8822B61667500AF3B0F /* Frameworks */ = {
			isa = PBXFrameworksBuildPhase;
			buildActionMask = 2147483647;
			files = (
			);
			runOnlyForDeploymentPostprocessing = 0;
		};
		7E62C8922B61667600AF3B0F /* Frameworks */ = {
			isa = PBXFrameworksBuildPhase;
			buildActionMask = 2147483647;
			files = (
			);
			runOnlyForDeploymentPostprocessing = 0;
		};
		7E62C89C2B61667600AF3B0F /* Frameworks */ = {
			isa = PBXFrameworksBuildPhase;
			buildActionMask = 2147483647;
			files = (
			);
			runOnlyForDeploymentPostprocessing = 0;
		};
/* End PBXFrameworksBuildPhase section */

/* Begin PBXGroup section */
		7E62C87C2B61667500AF3B0F = {
			isa = PBXGroup;
			children = (
				7E62C8872B61667500AF3B0F /* CalculatorClone */,
				7E62C8982B61667600AF3B0F /* CalculatorCloneTests */,
				7E62C8A22B61667600AF3B0F /* CalculatorCloneUITests */,
				7E62C8862B61667500AF3B0F /* Products */,
			);
			sourceTree = "<group>";
		};
		7E62C8862B61667500AF3B0F /* Products */ = {
			isa = PBXGroup;
			children = (
				7E62C8852B61667500AF3B0F /* CalculatorClone.app */,
				7E62C8952B61667600AF3B0F /* CalculatorCloneTests.xctest */,
				7E62C89F2B61667600AF3B0F /* CalculatorCloneUITests.xctest */,
			);
			name = Products;
			sourceTree = "<group>";
		};
		7E62C8872B61667500AF3B0F /* CalculatorClone */ = {
			isa = PBXGroup;
			children = (
				7E62C8882B61667500AF3B0F /* CalculatorCloneApp.swift */,
				7E62C88A2B61667500AF3B0F /* ContentView.swift */,
				7E62C88C2B61667600AF3B0F /* Assets.xcassets */,
				7E62C88E2B61667600AF3B0F /* Preview Content */,
				7E62C8B22B6170FF00AF3B0F /* Colors.xcassets */,
			);
			path = CalculatorClone;
			sourceTree = "<group>";
		};
		7E62C88E2B61667600AF3B0F /* Preview Content */ = {
			isa = PBXGroup;
			children = (
				7E62C88F2B61667600AF3B0F /* Preview Assets.xcassets */,
			);
			path = "Preview Content";
			sourceTree = "<group>";
		};
		7E62C8982B61667600AF3B0F /* CalculatorCloneTests */ = {
			isa = PBXGroup;
			children = (
				7E62C8992B61667600AF3B0F /* CalculatorCloneTests.swift */,
			);
			path = CalculatorCloneTests;
			sourceTree = "<group>";
		};
		7E62C8A22B61667600AF3B0F /* CalculatorCloneUITests */ = {
			isa = PBXGroup;
			children = (
				7E62C8A32B61667600AF3B0F /* CalculatorCloneUITests.swift */,
				7E62C8A52B61667600AF3B0F /* CalculatorCloneUITestsLaunchTests.swift */,
			);
			path = CalculatorCloneUITests;
			sourceTree = "<group>";
		};
/* End PBXGroup section */

/* Begin PBXNativeTarget section */
		7E62C8842B61667500AF3B0F /* CalculatorClone */ = {
			isa = PBXNativeTarget;
			buildConfigurationList = 7E62C8A92B61667600AF3B0F /* Build configuration list for PBXNativeTarget "CalculatorClone" */;
			buildPhases = (
				7E62C8812B61667500AF3B0F /* Sources */,
				7E62C8822B61667500AF3B0F /* Frameworks */,
				7E62C8832B61667500AF3B0F /* Resources */,
			);
			buildRules = (
			);
			dependencies = (
			);
			name = CalculatorClone;
			productName = CalculatorClone;
			productReference = 7E62C8852B61667500AF3B0F /* CalculatorClone.app */;
			productType = "com.apple.product-type.application";
		};
		7E62C8942B61667600AF3B0F /* CalculatorCloneTests */ = {
			isa = PBXNativeTarget;
			buildConfigurationList = 7E62C8AC2B61667600AF3B0F /* Build configuration list for PBXNativeTarget "CalculatorCloneTests" */;
			buildPhases = (
				7E62C8912B61667600AF3B0F /* Sources */,
				7E62C8922B61667600AF3B0F /* Frameworks */,
				7E62C8932B61667600AF3B0F /* Resources */,
			);
			buildRules = (
			);
			dependencies = (
				7E62C8972B61667600AF3B0F /* PBXTargetDependency */,
			);
			name = CalculatorCloneTests;
			productName = CalculatorCloneTests;
			productReference = 7E62C8952B61667600AF3B0F /* CalculatorCloneTests.xctest */;
			productType = "com.apple.product-type.bundle.unit-test";
		};
		7E62C89E2B61667600AF3B0F /* CalculatorCloneUITests */ = {
			isa = PBXNativeTarget;
			buildConfigurationList = 7E62C8AF2B61667600AF3B0F /* Build configuration list for PBXNativeTarget "CalculatorCloneUITests" */;
			buildPhases = (
				7E62C89B2B61667600AF3B0F /* Sources */,
				7E62C89C2B61667600AF3B0F /* Frameworks */,
				7E62C89D2B61667600AF3B0F /* Resources */,
			);
			buildRules = (
			);
			dependencies = (
				7E62C8A12B61667600AF3B0F /* PBXTargetDependency */,
			);
			name = CalculatorCloneUITests;
			productName = CalculatorCloneUITests;
			productReference = 7E62C89F2B61667600AF3B0F /* CalculatorCloneUITests.xctest */;
			productType = "com.apple.product-type.bundle.ui-testing";
		};
/* End PBXNativeTarget section */

/* Begin PBXProject section */
		7E62C87D2B61667500AF3B0F /* Project object */ = {
			isa = PBXProject;
			attributes = {
				BuildIndependentTargetsInParallel = 1;
				LastSwiftUpdateCheck = 1430;
				LastUpgradeCheck = 1430;
				TargetAttributes = {
					7E62C8842B61667500AF3B0F = {
						CreatedOnToolsVersion = 14.3.1;
					};
					7E62C8942B61667600AF3B0F = {
						CreatedOnToolsVersion = 14.3.1;
						TestTargetID = 7E62C8842B61667500AF3B0F;
					};
					7E62C89E2B61667600AF3B0F = {
						CreatedOnToolsVersion = 14.3.1;
						TestTargetID = 7E62C8842B61667500AF3B0F;
					};
				};
			};
			buildConfigurationList = 7E62C8802B61667500AF3B0F /* Build configuration list for PBXProject "CalculatorClone" */;
			compatibilityVersion = "Xcode 14.0";
			developmentRegion = en;
			hasScannedForEncodings = 0;
			knownRegions = (
				en,
				Base,
			);
			mainGroup = 7E62C87C2B61667500AF3B0F;
			productRefGroup = 7E62C8862B61667500AF3B0F /* Products */;
			projectDirPath = "";
			projectRoot = "";
			targets = (
				7E62C8842B61667500AF3B0F /* CalculatorClone */,
				7E62C8942B61667600AF3B0F /* CalculatorCloneTests */,
				7E62C89E2B61667600AF3B0F /* CalculatorCloneUITests */,
			);
		};
/* End PBXProject section */

/* Begin PBXResourcesBuildPhase section */
		7E62C8832B61667500AF3B0F /* Resources */ = {
			isa = PBXResourcesBuildPhase;
			buildActionMask = 2147483647;
			files = (
				7E62C8B32B6170FF00AF3B0F /* Colors.xcassets in Resources */,
				7E62C8902B61667600AF3B0F /* Preview Assets.xcassets in Resources */,
				7E62C88D2B61667600AF3B0F /* Assets.xcassets in Resources */,
			);
			runOnlyForDeploymentPostprocessing = 0;
		};
		7E62C8932B61667600AF3B0F /* Resources */ = {
			isa = PBXResourcesBuildPhase;
			buildActionMask = 2147483647;
			files = (
			);
			runOnlyForDeploymentPostprocessing = 0;
		};
		7E62C89D2B61667600AF3B0F /* Resources */ = {
			isa = PBXResourcesBuildPhase;
			buildActionMask = 2147483647;
			files = (
			);
			runOnlyForDeploymentPostprocessing = 0;
		};
/* End PBXResourcesBuildPhase section */

/* Begin PBXSourcesBuildPhase section */
		7E62C8812B61667500AF3B0F /* Sources */ = {
			isa = PBXSourcesBuildPhase;
			buildActionMask = 2147483647;
			files = (
				7E62C88B2B61667500AF3B0F /* ContentView.swift in Sources */,
				7E62C8892B61667500AF3B0F /* CalculatorCloneApp.swift in Sources */,
			);
			runOnlyForDeploymentPostprocessing = 0;
		};
		7E62C8912B61667600AF3B0F /* Sources */ = {
			isa = PBXSourcesBuildPhase;
			buildActionMask = 2147483647;
			files = (
				7E62C89A2B61667600AF3B0F /* CalculatorCloneTests.swift in Sources */,
			);
			runOnlyForDeploymentPostprocessing = 0;
		};
		7E62C89B2B61667600AF3B0F /* Sources */ = {
			isa = PBXSourcesBuildPhase;
			buildActionMask = 2147483647;
			files = (
				7E62C8A62B61667600AF3B0F /* CalculatorCloneUITestsLaunchTests.swift in Sources */,
				7E62C8A42B61667600AF3B0F /* CalculatorCloneUITests.swift in Sources */,
			);
			runOnlyForDeploymentPostprocessing = 0;
		};
/* End PBXSourcesBuildPhase section */

/* Begin PBXTargetDependency section */
		7E62C8972B61667600AF3B0F /* PBXTargetDependency */ = {
			isa = PBXTargetDependency;
			target = 7E62C8842B61667500AF3B0F /* CalculatorClone */;
			targetProxy = 7E62C8962B61667600AF3B0F /* PBXContainerItemProxy */;
		};
		7E62C8A12B61667600AF3B0F /* PBXTargetDependency */ = {
			isa = PBXTargetDependency;
			target = 7E62C8842B61667500AF3B0F /* CalculatorClone */;
			targetProxy = 7E62C8A02B61667600AF3B0F /* PBXContainerItemProxy */;
		};
/* End PBXTargetDependency section */

/* Begin XCBuildConfiguration section */
		7E62C8A72B61667600AF3B0F /* Debug */ = {
			isa = XCBuildConfiguration;
			buildSettings = {
				ALWAYS_SEARCH_USER_PATHS = NO;
				CLANG_ANALYZER_NONNULL = YES;
				CLANG_ANALYZER_NUMBER_OBJECT_CONVERSION = YES_AGGRESSIVE;
				CLANG_CXX_LANGUAGE_STANDARD = "gnu++20";
				CLANG_ENABLE_MODULES = YES;
				CLANG_ENABLE_OBJC_ARC = YES;
				CLANG_ENABLE_OBJC_WEAK = YES;
				CLANG_WARN_BLOCK_CAPTURE_AUTORELEASING = YES;
				CLANG_WARN_BOOL_CONVERSION = YES;
				CLANG_WARN_COMMA = YES;
				CLANG_WARN_CONSTANT_CONVERSION = YES;
				CLANG_WARN_DEPRECATED_OBJC_IMPLEMENTATIONS = YES;
				CLANG_WARN_DIRECT_OBJC_ISA_USAGE = YES_ERROR;
				CLANG_WARN_DOCUMENTATION_COMMENTS = YES;
				CLANG_WARN_EMPTY_BODY = YES;
				CLANG_WARN_ENUM_CONVERSION = YES;
				CLANG_WARN_INFINITE_RECURSION = YES;
				CLANG_WARN_INT_CONVERSION = YES;
				CLANG_WARN_NON_LITERAL_NULL_CONVERSION = YES;
				CLANG_WARN_OBJC_IMPLICIT_RETAIN_SELF = YES;
				CLANG_WARN_OBJC_LITERAL_CONVERSION = YES;
				CLANG_WARN_OBJC_ROOT_CLASS = YES_ERROR;
				CLANG_WARN_QUOTED_INCLUDE_IN_FRAMEWORK_HEADER = YES;
				CLANG_WARN_RANGE_LOOP_ANALYSIS = YES;
				CLANG_WARN_STRICT_PROTOTYPES = YES;
				CLANG_WARN_SUSPICIOUS_MOVE = YES;
				CLANG_WARN_UNGUARDED_AVAILABILITY = YES_AGGRESSIVE;
				CLANG_WARN_UNREACHABLE_CODE = YES;
				CLANG_WARN__DUPLICATE_METHOD_MATCH = YES;
				COPY_PHASE_STRIP = NO;
				DEBUG_INFORMATION_FORMAT = dwarf;
				ENABLE_STRICT_OBJC_MSGSEND = YES;
				ENABLE_TESTABILITY = YES;
				GCC_C_LANGUAGE_STANDARD = gnu11;
				GCC_DYNAMIC_NO_PIC = NO;
				GCC_NO_COMMON_BLOCKS = YES;
				GCC_OPTIMIZATION_LEVEL = 0;
				GCC_PREPROCESSOR_DEFINITIONS = (
					"DEBUG=1",
					"$(inherited)",
				);
				GCC_WARN_64_TO_32_BIT_CONVERSION = YES;
				GCC_WARN_ABOUT_RETURN_TYPE = YES_ERROR;
				GCC_WARN_UNDECLARED_SELECTOR = YES;
				GCC_WARN_UNINITIALIZED_AUTOS = YES_AGGRESSIVE;
				GCC_WARN_UNUSED_FUNCTION = YES;
				GCC_WARN_UNUSED_VARIABLE = YES;
				IPHONEOS_DEPLOYMENT_TARGET = 16.4;
				MTL_ENABLE_DEBUG_INFO = INCLUDE_SOURCE;
				MTL_FAST_MATH = YES;
				ONLY_ACTIVE_ARCH = YES;
				SDKROOT = iphoneos;
				SWIFT_ACTIVE_COMPILATION_CONDITIONS = DEBUG;
				SWIFT_OPTIMIZATION_LEVEL = "-Onone";
			};
			name = Debug;
		};
		7E62C8A82B61667600AF3B0F /* Release */ = {
			isa = XCBuildConfiguration;
			buildSettings = {
				ALWAYS_SEARCH_USER_PATHS = NO;
				CLANG_ANALYZER_NONNULL = YES;
				CLANG_ANALYZER_NUMBER_OBJECT_CONVERSION = YES_AGGRESSIVE;
				CLANG_CXX_LANGUAGE_STANDARD = "gnu++20";
				CLANG_ENABLE_MODULES = YES;
				CLANG_ENABLE_OBJC_ARC = YES;
				CLANG_ENABLE_OBJC_WEAK = YES;
				CLANG_WARN_BLOCK_CAPTURE_AUTORELEASING = YES;
				CLANG_WARN_BOOL_CONVERSION = YES;
				CLANG_WARN_COMMA = YES;
				CLANG_WARN_CONSTANT_CONVERSION = YES;
				CLANG_WARN_DEPRECATED_OBJC_IMPLEMENTATIONS = YES;
				CLANG_WARN_DIRECT_OBJC_ISA_USAGE = YES_ERROR;
				CLANG_WARN_DOCUMENTATION_COMMENTS = YES;
				CLANG_WARN_EMPTY_BODY = YES;
				CLANG_WARN_ENUM_CONVERSION = YES;
				CLANG_WARN_INFINITE_RECURSION = YES;
				CLANG_WARN_INT_CONVERSION = YES;
				CLANG_WARN_NON_LITERAL_NULL_CONVERSION = YES;
				CLANG_WARN_OBJC_IMPLICIT_RETAIN_SELF = YES;
				CLANG_WARN_OBJC_LITERAL_CONVERSION = YES;
				CLANG_WARN_OBJC_ROOT_CLASS = YES_ERROR;
				CLANG_WARN_QUOTED_INCLUDE_IN_FRAMEWORK_HEADER = YES;
				CLANG_WARN_RANGE_LOOP_ANALYSIS = YES;
				CLANG_WARN_STRICT_PROTOTYPES = YES;
				CLANG_WARN_SUSPICIOUS_MOVE = YES;
				CLANG_WARN_UNGUARDED_AVAILABILITY = YES_AGGRESSIVE;
				CLANG_WARN_UNREACHABLE_CODE = YES;
				CLANG_WARN__DUPLICATE_METHOD_MATCH = YES;
				COPY_PHASE_STRIP = NO;
				DEBUG_INFORMATION_FORMAT = "dwarf-with-dsym";
				ENABLE_NS_ASSERTIONS = NO;
				ENABLE_STRICT_OBJC_MSGSEND = YES;
				GCC_C_LANGUAGE_STANDARD = gnu11;
				GCC_NO_COMMON_BLOCKS = YES;
				GCC_WARN_64_TO_32_BIT_CONVERSION = YES;
				GCC_WARN_ABOUT_RETURN_TYPE = YES_ERROR;
				GCC_WARN_UNDECLARED_SELECTOR = YES;
				GCC_WARN_UNINITIALIZED_AUTOS = YES_AGGRESSIVE;
				GCC_WARN_UNUSED_FUNCTION = YES;
				GCC_WARN_UNUSED_VARIABLE = YES;
				IPHONEOS_DEPLOYMENT_TARGET = 16.4;
				MTL_ENABLE_DEBUG_INFO = NO;
				MTL_FAST_MATH = YES;
				SDKROOT = iphoneos;
				SWIFT_COMPILATION_MODE = wholemodule;
				SWIFT_OPTIMIZATION_LEVEL = "-O";
				VALIDATE_PRODUCT = YES;
			};
			name = Release;
		};
		7E62C8AA2B61667600AF3B0F /* Debug */ = {
			isa = XCBuildConfiguration;
			buildSettings = {
				ASSETCATALOG_COMPILER_APPICON_NAME = AppIcon;
				ASSETCATALOG_COMPILER_GLOBAL_ACCENT_COLOR_NAME = AccentColor;
				CODE_SIGN_STYLE = Automatic;
				CURRENT_PROJECT_VERSION = 1;
				DEVELOPMENT_ASSET_PATHS = "\"CalculatorClone/Preview Content\"";
				DEVELOPMENT_TEAM = G5FMXXVD8N;
				ENABLE_PREVIEWS = YES;
				GENERATE_INFOPLIST_FILE = YES;
				INFOPLIST_KEY_UIApplicationSceneManifest_Generation = YES;
				INFOPLIST_KEY_UIApplicationSupportsIndirectInputEvents = YES;
				INFOPLIST_KEY_UILaunchScreen_Generation = YES;
				INFOPLIST_KEY_UISupportedInterfaceOrientations_iPad = "UIInterfaceOrientationPortrait UIInterfaceOrientationPortraitUpsideDown UIInterfaceOrientationLandscapeLeft UIInterfaceOrientationLandscapeRight";
				INFOPLIST_KEY_UISupportedInterfaceOrientations_iPhone = "UIInterfaceOrientationPortrait UIInterfaceOrientationLandscapeLeft UIInterfaceOrientationLandscapeRight";
				LD_RUNPATH_SEARCH_PATHS = (
					"$(inherited)",
					"@executable_path/Frameworks",
				);
				MARKETING_VERSION = 1.0;
				PRODUCT_BUNDLE_IDENTIFIER = org.ssh.CalculatorClone;
				PRODUCT_NAME = "$(TARGET_NAME)";
				SWIFT_EMIT_LOC_STRINGS = YES;
				SWIFT_VERSION = 5.0;
				TARGETED_DEVICE_FAMILY = "1,2";
			};
			name = Debug;
		};
		7E62C8AB2B61667600AF3B0F /* Release */ = {
			isa = XCBuildConfiguration;
			buildSettings = {
				ASSETCATALOG_COMPILER_APPICON_NAME = AppIcon;
				ASSETCATALOG_COMPILER_GLOBAL_ACCENT_COLOR_NAME = AccentColor;
				CODE_SIGN_STYLE = Automatic;
				CURRENT_PROJECT_VERSION = 1;
				DEVELOPMENT_ASSET_PATHS = "\"CalculatorClone/Preview Content\"";
				DEVELOPMENT_TEAM = G5FMXXVD8N;
				ENABLE_PREVIEWS = YES;
				GENERATE_INFOPLIST_FILE = YES;
				INFOPLIST_KEY_UIApplicationSceneManifest_Generation = YES;
				INFOPLIST_KEY_UIApplicationSupportsIndirectInputEvents = YES;
				INFOPLIST_KEY_UILaunchScreen_Generation = YES;
				INFOPLIST_KEY_UISupportedInterfaceOrientations_iPad = "UIInterfaceOrientationPortrait UIInterfaceOrientationPortraitUpsideDown UIInterfaceOrientationLandscapeLeft UIInterfaceOrientationLandscapeRight";
				INFOPLIST_KEY_UISupportedInterfaceOrientations_iPhone = "UIInterfaceOrientationPortrait UIInterfaceOrientationLandscapeLeft UIInterfaceOrientationLandscapeRight";
				LD_RUNPATH_SEARCH_PATHS = (
					"$(inherited)",
					"@executable_path/Frameworks",
				);
				MARKETING_VERSION = 1.0;
				PRODUCT_BUNDLE_IDENTIFIER = org.ssh.CalculatorClone;
				PRODUCT_NAME = "$(TARGET_NAME)";
				SWIFT_EMIT_LOC_STRINGS = YES;
				SWIFT_VERSION = 5.0;
				TARGETED_DEVICE_FAMILY = "1,2";
			};
			name = Release;
		};
		7E62C8AD2B61667600AF3B0F /* Debug */ = {
			isa = XCBuildConfiguration;
			buildSettings = {
				ALWAYS_EMBED_SWIFT_STANDARD_LIBRARIES = YES;
				BUNDLE_LOADER = "$(TEST_HOST)";
				CODE_SIGN_STYLE = Automatic;
				CURRENT_PROJECT_VERSION = 1;
				DEVELOPMENT_TEAM = G5FMXXVD8N;
				GENERATE_INFOPLIST_FILE = YES;
				IPHONEOS_DEPLOYMENT_TARGET = 16.4;
				MARKETING_VERSION = 1.0;
				PRODUCT_BUNDLE_IDENTIFIER = org.ssh.CalculatorCloneTests;
				PRODUCT_NAME = "$(TARGET_NAME)";
				SWIFT_EMIT_LOC_STRINGS = NO;
				SWIFT_VERSION = 5.0;
				TARGETED_DEVICE_FAMILY = "1,2";
				TEST_HOST = "$(BUILT_PRODUCTS_DIR)/CalculatorClone.app/$(BUNDLE_EXECUTABLE_FOLDER_PATH)/CalculatorClone";
			};
			name = Debug;
		};
		7E62C8AE2B61667600AF3B0F /* Release */ = {
			isa = XCBuildConfiguration;
			buildSettings = {
				ALWAYS_EMBED_SWIFT_STANDARD_LIBRARIES = YES;
				BUNDLE_LOADER = "$(TEST_HOST)";
				CODE_SIGN_STYLE = Automatic;
				CURRENT_PROJECT_VERSION = 1;
				DEVELOPMENT_TEAM = G5FMXXVD8N;
				GENERATE_INFOPLIST_FILE = YES;
				IPHONEOS_DEPLOYMENT_TARGET = 16.4;
				MARKETING_VERSION = 1.0;
				PRODUCT_BUNDLE_IDENTIFIER = org.ssh.CalculatorCloneTests;
				PRODUCT_NAME = "$(TARGET_NAME)";
				SWIFT_EMIT_LOC_STRINGS = NO;
				SWIFT_VERSION = 5.0;
				TARGETED_DEVICE_FAMILY = "1,2";
				TEST_HOST = "$(BUILT_PRODUCTS_DIR)/CalculatorClone.app/$(BUNDLE_EXECUTABLE_FOLDER_PATH)/CalculatorClone";
			};
			name = Release;
		};
		7E62C8B02B61667600AF3B0F /* Debug */ = {
			isa = XCBuildConfiguration;
			buildSettings = {
				ALWAYS_EMBED_SWIFT_STANDARD_LIBRARIES = YES;
				CODE_SIGN_STYLE = Automatic;
				CURRENT_PROJECT_VERSION = 1;
				DEVELOPMENT_TEAM = G5FMXXVD8N;
				GENERATE_INFOPLIST_FILE = YES;
				MARKETING_VERSION = 1.0;
				PRODUCT_BUNDLE_IDENTIFIER = org.ssh.CalculatorCloneUITests;
				PRODUCT_NAME = "$(TARGET_NAME)";
				SWIFT_EMIT_LOC_STRINGS = NO;
				SWIFT_VERSION = 5.0;
				TARGETED_DEVICE_FAMILY = "1,2";
				TEST_TARGET_NAME = CalculatorClone;
			};
			name = Debug;
		};
		7E62C8B12B61667600AF3B0F /* Release */ = {
			isa = XCBuildConfiguration;
			buildSettings = {
				ALWAYS_EMBED_SWIFT_STANDARD_LIBRARIES = YES;
				CODE_SIGN_STYLE = Automatic;
				CURRENT_PROJECT_VERSION = 1;
				DEVELOPMENT_TEAM = G5FMXXVD8N;
				GENERATE_INFOPLIST_FILE = YES;
				MARKETING_VERSION = 1.0;
				PRODUCT_BUNDLE_IDENTIFIER = org.ssh.CalculatorCloneUITests;
				PRODUCT_NAME = "$(TARGET_NAME)";
				SWIFT_EMIT_LOC_STRINGS = NO;
				SWIFT_VERSION = 5.0;
				TARGETED_DEVICE_FAMILY = "1,2";
				TEST_TARGET_NAME = CalculatorClone;
			};
			name = Release;
		};
/* End XCBuildConfiguration section */

/* Begin XCConfigurationList section */
		7E62C8802B61667500AF3B0F /* Build configuration list for PBXProject "CalculatorClone" */ = {
			isa = XCConfigurationList;
			buildConfigurations = (
				7E62C8A72B61667600AF3B0F /* Debug */,
				7E62C8A82B61667600AF3B0F /* Release */,
			);
			defaultConfigurationIsVisible = 0;
			defaultConfigurationName = Release;
		};
		7E62C8A92B61667600AF3B0F /* Build configuration list for PBXNativeTarget "CalculatorClone" */ = {
			isa = XCConfigurationList;
			buildConfigurations = (
				7E62C8AA2B61667600AF3B0F /* Debug */,
				7E62C8AB2B61667600AF3B0F /* Release */,
			);
			defaultConfigurationIsVisible = 0;
			defaultConfigurationName = Release;
		};
		7E62C8AC2B61667600AF3B0F /* Build configuration list for PBXNativeTarget "CalculatorCloneTests" */ = {
			isa = XCConfigurationList;
			buildConfigurations = (
				7E62C8AD2B61667600AF3B0F /* Debug */,
				7E62C8AE2B61667600AF3B0F /* Release */,
			);
			defaultConfigurationIsVisible = 0;
			defaultConfigurationName = Release;
		};
		7E62C8AF2B61667600AF3B0F /* Build configuration list for PBXNativeTarget "CalculatorCloneUITests" */ = {
			isa = XCConfigurationList;
			buildConfigurations = (
				7E62C8B02B61667600AF3B0F /* Debug */,
				7E62C8B12B61667600AF3B0F /* Release */,
			);
			defaultConfigurationIsVisible = 0;
			defaultConfigurationName = Release;
		};
/* End XCConfigurationList section */
	};
	rootObject = 7E62C87D2B61667500AF3B0F /* Project object */;
}
